
Microsoft Visual Studio Solution File, Format Version 12.00
# Visual Studio Version 17
VisualStudioVersion = 17.5.33424.131
MinimumVisualStudioVersion = 10.0.40219.1
Project("{FAE04EC0-301F-11D3-BF4B-00C04F79EFBC}") = "PR-22.106_Molotkova_3", "PR-22.106_Molotkova_3\PR-22.106_Molotkova_3.csproj", "{984F9C34-FECE-4260-A267-CE4FD69F953A}"
EndProject
Global
	GlobalSection(SolutionConfigurationPlatforms) = preSolution
		Debug|Any CPU = Debug|Any CPU
		Release|Any CPU = Release|Any CPU
	EndGlobalSection
	GlobalSection(ProjectConfigurationPlatforms) = postSolution
		{984F9C34-FECE-4260-A267-CE4FD69F953A}.Debug|Any CPU.ActiveCfg = Debug|Any CPU
		{984F9C34-FECE-4260-A267-CE4FD69F953A}.Debug|Any CPU.Build.0 = Debug|Any CPU
		{984F9C34-FECE-4260-A267-CE4FD69F953A}.Release|Any CPU.ActiveCfg = Release|Any CPU
		{984F9C34-FECE-4260-A267-CE4FD69F953A}.Release|Any CPU.Build.0 = Release|Any CPU
	EndGlobalSection
	GlobalSection(SolutionProperties) = preSolution
		HideSolutionNode = FALSE
	EndGlobalSection
	GlobalSection(ExtensibilityGlobals) = postSolution
		SolutionGuid = {A5F5E12A-1632-45F0-928D-6961E38FA76B}
	EndGlobalSection
EndGlobal
